{
  "nodes": {
    "flake-utils": {
      "locked": {
        "lastModified": 1667395993,
        "narHash": "sha256-nuEHfE/LcWyuSWnS8t12N1wc105Qtau+/OdUAjtQ0rA=",
        "owner": "numtide",
        "repo": "flake-utils",
        "rev": "5aed5285a952e0b949eb3ba02c12fa4fcfef535f",
        "type": "github"
      },
      "original": {
        "owner": "numtide",
        "repo": "flake-utils",
        "type": "github"
      }
    },
    "krakenw": {
      "flake": false,
      "locked": {
        "lastModified": 1674664243,
        "narHash": "sha256-bqNy2DMsjiJq3FfS0/QSvVDr9r084de3B+7jnboCN4I=",
        "owner": "helsing-ai",
        "repo": "kraken-wrapper",
        "rev": "5d41216e460abed095071592d5c17573ed4de46a",
        "type": "github"
      },
      "original": {
        "owner": "helsing-ai",
        "repo": "kraken-wrapper",
        "type": "github"
      }
    },
    "nixpkgs": {
      "locked": {
        "lastModified": 1674459583,
        "narHash": "sha256-L0UZl/u2H3HGsrhN+by42c5kNYeKtdmJiPzIRvEVeiM=",
        "owner": "nixos",
        "repo": "nixpkgs",
        "rev": "1b1f50645af2a70dc93eae18bfd88d330bfbcf7f",
        "type": "github"
      },
      "original": {
        "owner": "nixos",
        "ref": "nixos-unstable",
        "repo": "nixpkgs",
        "type": "github"
      }
    },
    "root": {
      "inputs": {
        "flake-utils": "flake-utils",
        "krakenw": "krakenw",
        "nixpkgs": "nixpkgs",
        "slap-cli": "slap-cli"
      }
    },
    "slap-cli": {
      "flake": false,
      "locked": {
        "lastModified": 1674739686,
        "narHash": "sha256-aaERl5r1stZODvOYWUgb81ciFgYV7KByPJJu86g3qbc=",
        "owner": "super-secret-github-user",
        "repo": "slap",
        "rev": "4bcf4049678251ae0956fba736883884ea1b649a",
        "type": "github"
      },
      "original": {
        "owner": "super-secret-github-user",
        "repo": "slap",
        "type": "github"
      }
    }
  },
  "root": "root",
  "version": 7
}
